
Microsoft Visual Studio Solution File, Format Version 12.00
# Visual Studio Version 17
VisualStudioVersion = 17.8.34511.84
MinimumVisualStudioVersion = 10.0.40219.1
Project("{9A19103F-16F7-4668-BE54-9A1E7A4F7556}") = "ConsoleApp", "Images-by-aspect-ratio\ConsoleApp.csproj", "{29A6D685-6CE2-4069-B0E6-1B3EE9E709A6}"
EndProject
Project("{2150E333-8FDC-42A3-9474-1A3956D46DE8}") = "UI", "UI", "{B4883E57-B90F-42DB-891C-298294C77D6A}"
EndProject
Project("{9A19103F-16F7-4668-BE54-9A1E7A4F7556}") = "AvaloniaApp", "AvaloniaApp\AvaloniaApp.csproj", "{BB996629-F243-4AF7-A017-86F0CCAFE2F0}"
EndProject
Project("{9A19103F-16F7-4668-BE54-9A1E7A4F7556}") = "DeepBulkImageFiltering.ImageProcessing", "DeepBulkImageFiltering.ImageProcessing\DeepBulkImageFiltering.ImageProcessing.csproj", "{C393F4F7-6091-441B-BEA0-F2ADA3730FB8}"
EndProject
Global
	GlobalSection(SolutionConfigurationPlatforms) = preSolution
		Debug|Any CPU = Debug|Any CPU
		Release|Any CPU = Release|Any CPU
	EndGlobalSection
	GlobalSection(ProjectConfigurationPlatforms) = postSolution
		{29A6D685-6CE2-4069-B0E6-1B3EE9E709A6}.Debug|Any CPU.ActiveCfg = Debug|Any CPU
		{29A6D685-6CE2-4069-B0E6-1B3EE9E709A6}.Debug|Any CPU.Build.0 = Debug|Any CPU
		{29A6D685-6CE2-4069-B0E6-1B3EE9E709A6}.Release|Any CPU.ActiveCfg = Release|Any CPU
		{29A6D685-6CE2-4069-B0E6-1B3EE9E709A6}.Release|Any CPU.Build.0 = Release|Any CPU
		{BB996629-F243-4AF7-A017-86F0CCAFE2F0}.Debug|Any CPU.ActiveCfg = Debug|Any CPU
		{BB996629-F243-4AF7-A017-86F0CCAFE2F0}.Debug|Any CPU.Build.0 = Debug|Any CPU
		{BB996629-F243-4AF7-A017-86F0CCAFE2F0}.Release|Any CPU.ActiveCfg = Release|Any CPU
		{BB996629-F243-4AF7-A017-86F0CCAFE2F0}.Release|Any CPU.Build.0 = Release|Any CPU
		{C393F4F7-6091-441B-BEA0-F2ADA3730FB8}.Debug|Any CPU.ActiveCfg = Debug|Any CPU
		{C393F4F7-6091-441B-BEA0-F2ADA3730FB8}.Debug|Any CPU.Build.0 = Debug|Any CPU
		{C393F4F7-6091-441B-BEA0-F2ADA3730FB8}.Release|Any CPU.ActiveCfg = Release|Any CPU
		{C393F4F7-6091-441B-BEA0-F2ADA3730FB8}.Release|Any CPU.Build.0 = Release|Any CPU
	EndGlobalSection
	GlobalSection(SolutionProperties) = preSolution
		HideSolutionNode = FALSE
	EndGlobalSection
	GlobalSection(NestedProjects) = preSolution
		{29A6D685-6CE2-4069-B0E6-1B3EE9E709A6} = {B4883E57-B90F-42DB-891C-298294C77D6A}
		{BB996629-F243-4AF7-A017-86F0CCAFE2F0} = {B4883E57-B90F-42DB-891C-298294C77D6A}
	EndGlobalSection
	GlobalSection(ExtensibilityGlobals) = postSolution
		SolutionGuid = {7A123B53-936F-41A9-8B3D-D8E6E6AD30F4}
	EndGlobalSection
EndGlobal
