
Microsoft Visual Studio Solution File, Format Version 12.00
# Visual Studio Version 17
VisualStudioVersion = 17.8.34511.84
MinimumVisualStudioVersion = 10.0.40219.1
Project("{9A19103F-16F7-4668-BE54-9A1E7A4F7556}") = "Images-by-aspect-ratio", "Images-by-aspect-ratio\Images-by-aspect-ratio.csproj", "{29A6D685-6CE2-4069-B0E6-1B3EE9E709A6}"
EndProject
Project("{2150E333-8FDC-42A3-9474-1A3956D46DE8}") = "UI", "UI", "{B4883E57-B90F-42DB-891C-298294C77D6A}"
EndProject
Project("{FAE04EC0-301F-11D3-BF4B-00C04F79EFBC}") = "WinFormsApp", "WinFormsApp\WinFormsApp.csproj", "{EFD5575E-F8F2-4E36-B03A-78B95E81629D}"
EndProject
Project("{FAE04EC0-301F-11D3-BF4B-00C04F79EFBC}") = "WpfApp", "WpfApp\WpfApp.csproj", "{2984787E-0BEB-4E42-BB3F-23BE4EFF82B9}"
EndProject
Project("{FAE04EC0-301F-11D3-BF4B-00C04F79EFBC}") = "MauiApp", "MauiApp\MauiApp.csproj", "{DA31F6E9-9DFB-4378-A8FA-A600E51246E2}"
EndProject
Global
	GlobalSection(SolutionConfigurationPlatforms) = preSolution
		Debug|Any CPU = Debug|Any CPU
		Release|Any CPU = Release|Any CPU
	EndGlobalSection
	GlobalSection(ProjectConfigurationPlatforms) = postSolution
		{29A6D685-6CE2-4069-B0E6-1B3EE9E709A6}.Debug|Any CPU.ActiveCfg = Debug|Any CPU
		{29A6D685-6CE2-4069-B0E6-1B3EE9E709A6}.Debug|Any CPU.Build.0 = Debug|Any CPU
		{29A6D685-6CE2-4069-B0E6-1B3EE9E709A6}.Release|Any CPU.ActiveCfg = Release|Any CPU
		{29A6D685-6CE2-4069-B0E6-1B3EE9E709A6}.Release|Any CPU.Build.0 = Release|Any CPU
		{EFD5575E-F8F2-4E36-B03A-78B95E81629D}.Debug|Any CPU.ActiveCfg = Debug|Any CPU
		{EFD5575E-F8F2-4E36-B03A-78B95E81629D}.Debug|Any CPU.Build.0 = Debug|Any CPU
		{EFD5575E-F8F2-4E36-B03A-78B95E81629D}.Release|Any CPU.ActiveCfg = Release|Any CPU
		{EFD5575E-F8F2-4E36-B03A-78B95E81629D}.Release|Any CPU.Build.0 = Release|Any CPU
		{2984787E-0BEB-4E42-BB3F-23BE4EFF82B9}.Debug|Any CPU.ActiveCfg = Debug|Any CPU
		{2984787E-0BEB-4E42-BB3F-23BE4EFF82B9}.Debug|Any CPU.Build.0 = Debug|Any CPU
		{2984787E-0BEB-4E42-BB3F-23BE4EFF82B9}.Release|Any CPU.ActiveCfg = Release|Any CPU
		{2984787E-0BEB-4E42-BB3F-23BE4EFF82B9}.Release|Any CPU.Build.0 = Release|Any CPU
		{DA31F6E9-9DFB-4378-A8FA-A600E51246E2}.Debug|Any CPU.ActiveCfg = Debug|Any CPU
		{DA31F6E9-9DFB-4378-A8FA-A600E51246E2}.Debug|Any CPU.Build.0 = Debug|Any CPU
		{DA31F6E9-9DFB-4378-A8FA-A600E51246E2}.Debug|Any CPU.Deploy.0 = Debug|Any CPU
		{DA31F6E9-9DFB-4378-A8FA-A600E51246E2}.Release|Any CPU.ActiveCfg = Release|Any CPU
		{DA31F6E9-9DFB-4378-A8FA-A600E51246E2}.Release|Any CPU.Build.0 = Release|Any CPU
		{DA31F6E9-9DFB-4378-A8FA-A600E51246E2}.Release|Any CPU.Deploy.0 = Release|Any CPU
	EndGlobalSection
	GlobalSection(SolutionProperties) = preSolution
		HideSolutionNode = FALSE
	EndGlobalSection
	GlobalSection(NestedProjects) = preSolution
		{EFD5575E-F8F2-4E36-B03A-78B95E81629D} = {B4883E57-B90F-42DB-891C-298294C77D6A}
		{2984787E-0BEB-4E42-BB3F-23BE4EFF82B9} = {B4883E57-B90F-42DB-891C-298294C77D6A}
		{DA31F6E9-9DFB-4378-A8FA-A600E51246E2} = {B4883E57-B90F-42DB-891C-298294C77D6A}
	EndGlobalSection
	GlobalSection(ExtensibilityGlobals) = postSolution
		SolutionGuid = {7A123B53-936F-41A9-8B3D-D8E6E6AD30F4}
	EndGlobalSection
EndGlobal
